
Microsoft Visual Studio Solution File, Format Version 12.00
# Visual Studio Version 17
VisualStudioVersion = 17.11.35327.3
MinimumVisualStudioVersion = 10.0.40219.1
Project("{FAE04EC0-301F-11D3-BF4B-00C04F79EFBC}") = "GestorLogistica", "GestorLogistica\GestorLogistica.csproj", "{A04944B4-602D-45B7-A51A-2474841FCA56}"
EndProject
Global
	GlobalSection(SolutionConfigurationPlatforms) = preSolution
		Debug|Any CPU = Debug|Any CPU
		Release|Any CPU = Release|Any CPU
	EndGlobalSection
	GlobalSection(ProjectConfigurationPlatforms) = postSolution
		{A04944B4-602D-45B7-A51A-2474841FCA56}.Debug|Any CPU.ActiveCfg = Debug|Any CPU
		{A04944B4-602D-45B7-A51A-2474841FCA56}.Debug|Any CPU.Build.0 = Debug|Any CPU
		{A04944B4-602D-45B7-A51A-2474841FCA56}.Release|Any CPU.ActiveCfg = Release|Any CPU
		{A04944B4-602D-45B7-A51A-2474841FCA56}.Release|Any CPU.Build.0 = Release|Any CPU
	EndGlobalSection
	GlobalSection(SolutionProperties) = preSolution
		HideSolutionNode = FALSE
	EndGlobalSection
	GlobalSection(ExtensibilityGlobals) = postSolution
		SolutionGuid = {2975C81B-EA9A-4F76-A6AF-28511977A3A5}
	EndGlobalSection
EndGlobal
